Microsoft Visual Studio Solution File, Format Version 12.00
# Visual Studio Version 17
VisualStudioVersion = 17.5.2.0
MinimumVisualStudioVersion = 10.0.40219.1
Project("{2150E333-8FDC-42A3-9474-1A3956D46DE8}") = "offline-speech-to-text", "offline-speech-to-text", "{B040DAAD-3F7D-6FF5-2449-8CF8148896AD}"
EndProject
Project("{FAE04EC0-301F-11D3-BF4B-00C04F79EFBC}") = "offline-speech-to-text", "offline-speech-to-text\src\offline-speech-to-text.csproj", "{9E350418-8AA8-54F0-FDB7-82F6613DD230}"
EndProject
Global
	GlobalSection(SolutionConfigurationPlatforms) = preSolution
		Debug|Any CPU = Debug|Any CPU
		Release|Any CPU = Release|Any CPU
	EndGlobalSection
	GlobalSection(ProjectConfigurationPlatforms) = postSolution
		{9E350418-8AA8-54F0-FDB7-82F6613DD230}.Debug|Any CPU.ActiveCfg = Debug|Any CPU
		{9E350418-8AA8-54F0-FDB7-82F6613DD230}.Debug|Any CPU.Build.0 = Debug|Any CPU
		{9E350418-8AA8-54F0-FDB7-82F6613DD230}.Release|Any CPU.ActiveCfg = Release|Any CPU
		{9E350418-8AA8-54F0-FDB7-82F6613DD230}.Release|Any CPU.Build.0 = Release|Any CPU
	EndGlobalSection
	GlobalSection(SolutionProperties) = preSolution
		HideSolutionNode = FALSE
	EndGlobalSection
	GlobalSection(NestedProjects) = preSolution
		{9E350418-8AA8-54F0-FDB7-82F6613DD230} = {B040DAAD-3F7D-6FF5-2449-8CF8148896AD}
	EndGlobalSection
	GlobalSection(ExtensibilityGlobals) = postSolution
		SolutionGuid = {928E2E30-C778-4008-9912-290AAA4FDDE1}
	EndGlobalSection
EndGlobal
